
Microsoft Visual Studio Solution File, Format Version 12.00
# Visual Studio Version 16
VisualStudioVersion = 16.0.31729.503
MinimumVisualStudioVersion = 10.0.40219.1
Project("{9A19103F-16F7-4668-BE54-9A1E7A4F7556}") = "CoreLib", "CoreLib\CoreLib.csproj", "{A75DFDDF-1EFD-4237-9AF9-0BD2D200CFCF}"
EndProject
Project("{9A19103F-16F7-4668-BE54-9A1E7A4F7556}") = "MailSend.WPFapp", "MailSend.WPFapp\MailSend.WPFapp.csproj", "{5FB28D7B-A238-4711-84FF-70EBC3C13BC9}"
EndProject
Project("{9A19103F-16F7-4668-BE54-9A1E7A4F7556}") = "MailSend.WinFormsApp", "MailSend.WinFormsApp\MailSend.WinFormsApp.csproj", "{1E8F4238-F758-424C-B659-5CFF790D19F4}"
EndProject
Project("{FAE04EC0-301F-11D3-BF4B-00C04F79EFBC}") = "MailSend.WPFapp.ControlsLib", "MailSend.WPFapp.ControlsLib\MailSend.WPFapp.ControlsLib.csproj", "{4836F3BE-6F5A-452F-8975-21C57F015660}"
EndProject
Global
	GlobalSection(SolutionConfigurationPlatforms) = preSolution
		Debug|Any CPU = Debug|Any CPU
		Release|Any CPU = Release|Any CPU
	EndGlobalSection
	GlobalSection(ProjectConfigurationPlatforms) = postSolution
		{A75DFDDF-1EFD-4237-9AF9-0BD2D200CFCF}.Debug|Any CPU.ActiveCfg = Debug|Any CPU
		{A75DFDDF-1EFD-4237-9AF9-0BD2D200CFCF}.Debug|Any CPU.Build.0 = Debug|Any CPU
		{A75DFDDF-1EFD-4237-9AF9-0BD2D200CFCF}.Release|Any CPU.ActiveCfg = Release|Any CPU
		{A75DFDDF-1EFD-4237-9AF9-0BD2D200CFCF}.Release|Any CPU.Build.0 = Release|Any CPU
		{5FB28D7B-A238-4711-84FF-70EBC3C13BC9}.Debug|Any CPU.ActiveCfg = Debug|Any CPU
		{5FB28D7B-A238-4711-84FF-70EBC3C13BC9}.Debug|Any CPU.Build.0 = Debug|Any CPU
		{5FB28D7B-A238-4711-84FF-70EBC3C13BC9}.Release|Any CPU.ActiveCfg = Release|Any CPU
		{5FB28D7B-A238-4711-84FF-70EBC3C13BC9}.Release|Any CPU.Build.0 = Release|Any CPU
		{1E8F4238-F758-424C-B659-5CFF790D19F4}.Debug|Any CPU.ActiveCfg = Debug|Any CPU
		{1E8F4238-F758-424C-B659-5CFF790D19F4}.Debug|Any CPU.Build.0 = Debug|Any CPU
		{1E8F4238-F758-424C-B659-5CFF790D19F4}.Release|Any CPU.ActiveCfg = Release|Any CPU
		{1E8F4238-F758-424C-B659-5CFF790D19F4}.Release|Any CPU.Build.0 = Release|Any CPU
		{4836F3BE-6F5A-452F-8975-21C57F015660}.Debug|Any CPU.ActiveCfg = Debug|Any CPU
		{4836F3BE-6F5A-452F-8975-21C57F015660}.Debug|Any CPU.Build.0 = Debug|Any CPU
		{4836F3BE-6F5A-452F-8975-21C57F015660}.Release|Any CPU.ActiveCfg = Release|Any CPU
		{4836F3BE-6F5A-452F-8975-21C57F015660}.Release|Any CPU.Build.0 = Release|Any CPU
	EndGlobalSection
	GlobalSection(SolutionProperties) = preSolution
		HideSolutionNode = FALSE
	EndGlobalSection
	GlobalSection(ExtensibilityGlobals) = postSolution
		SolutionGuid = {248DDF63-5E42-4E76-A008-E962DA15DEA2}
	EndGlobalSection
EndGlobal
